
Microsoft Visual Studio Solution File, Format Version 12.00
# Visual Studio Version 17
VisualStudioVersion = 17.8.34316.72
MinimumVisualStudioVersion = 10.0.40219.1
Project("{FAE04EC0-301F-11D3-BF4B-00C04F79EFBC}") = "Trendyol", "Trendyol\Trendyol.csproj", "{A91B67B9-3083-4A6D-B452-FD911F0A0909}"
EndProject
Global
	GlobalSection(SolutionConfigurationPlatforms) = preSolution
		Debug|Any CPU = Debug|Any CPU
		Release|Any CPU = Release|Any CPU
	EndGlobalSection
	GlobalSection(ProjectConfigurationPlatforms) = postSolution
		{A91B67B9-3083-4A6D-B452-FD911F0A0909}.Debug|Any CPU.ActiveCfg = Debug|Any CPU
		{A91B67B9-3083-4A6D-B452-FD911F0A0909}.Debug|Any CPU.Build.0 = Debug|Any CPU
		{A91B67B9-3083-4A6D-B452-FD911F0A0909}.Release|Any CPU.ActiveCfg = Release|Any CPU
		{A91B67B9-3083-4A6D-B452-FD911F0A0909}.Release|Any CPU.Build.0 = Release|Any CPU
	EndGlobalSection
	GlobalSection(SolutionProperties) = preSolution
		HideSolutionNode = FALSE
	EndGlobalSection
	GlobalSection(ExtensibilityGlobals) = postSolution
		SolutionGuid = {36DC6106-5E29-42DB-AE70-B6422E2A6E04}
	EndGlobalSection
EndGlobal
